// !$*UTF8*$!
{
	archiveVersion = 1;
	classes = {
	};
	objectVersion = 50;
	objects = {

/* Begin PBXBuildFile section */
		32123754BB2209B0BF83BD2B /* Pods_ShunTests.framework in Frameworks */ = {isa = PBXBuildFile; fileRef = EBDE8C0369110F5367F014A8 /* Pods_ShunTests.framework */; };
		3B2D234623CC4FDD0098A772 /* SubCategory.swift in Sources */ = {isa = PBXBuildFile; fileRef = 3B2D234523CC4FDD0098A772 /* SubCategory.swift */; };
		3B4BA542238D627100694585 /* GoogleService-Info.plist in Resources */ = {isa = PBXBuildFile; fileRef = 3B4BA541238D627100694585 /* GoogleService-Info.plist */; };
		3B4BA544238D7DE900694585 /* Prefecture.swift in Sources */ = {isa = PBXBuildFile; fileRef = 3B4BA543238D7DE900694585 /* Prefecture.swift */; };
		3BDDF3F9239409BB0099E691 /* Language.swift in Sources */ = {isa = PBXBuildFile; fileRef = 3BDDF3F8239409BB0099E691 /* Language.swift */; };
		3BDDF3FB23940CFD0099E691 /* Configuration.swift in Sources */ = {isa = PBXBuildFile; fileRef = 3BDDF3FA23940CFD0099E691 /* Configuration.swift */; };
		6464E58B5593B2E92274CE98 /* Pods_ShunUITests.framework in Frameworks */ = {isa = PBXBuildFile; fileRef = 1FD478B5F5D825094151D5EC /* Pods_ShunUITests.framework */; };
		9D4545E022BA2279007D1DD0 /* IngredientViewController.swift in Sources */ = {isa = PBXBuildFile; fileRef = 9D4545DF22BA2279007D1DD0 /* IngredientViewController.swift */; };
		9D4545E222BA2289007D1DD0 /* IngredientViewController.storyboard in Resources */ = {isa = PBXBuildFile; fileRef = 9D4545E122BA2289007D1DD0 /* IngredientViewController.storyboard */; };
		9D4545E622BA4194007D1DD0 /* Article.swift in Sources */ = {isa = PBXBuildFile; fileRef = 9D4545E522BA4194007D1DD0 /* Article.swift */; };
		9D4545E822BA4E5D007D1DD0 /* SubArticle.swift in Sources */ = {isa = PBXBuildFile; fileRef = 9D4545E722BA4E5D007D1DD0 /* SubArticle.swift */; };
		9D4545EB22BF8323007D1DD0 /* ArticleTableViewCell.swift in Sources */ = {isa = PBXBuildFile; fileRef = 9D4545E922BF8323007D1DD0 /* ArticleTableViewCell.swift */; };
		9D4545EC22BF8323007D1DD0 /* ArticleTableViewCell.xib in Resources */ = {isa = PBXBuildFile; fileRef = 9D4545EA22BF8323007D1DD0 /* ArticleTableViewCell.xib */; };
		9D564F0522B61719002A2E42 /* AppDelegate.swift in Sources */ = {isa = PBXBuildFile; fileRef = 9D564F0422B61719002A2E42 /* AppDelegate.swift */; };
		9D564F0722B61719002A2E42 /* HomeViewController.swift in Sources */ = {isa = PBXBuildFile; fileRef = 9D564F0622B61719002A2E42 /* HomeViewController.swift */; };
		9D564F0A22B61719002A2E42 /* Main.storyboard in Resources */ = {isa = PBXBuildFile; fileRef = 9D564F0822B61719002A2E42 /* Main.storyboard */; };
		9D564F0C22B6171B002A2E42 /* Assets.xcassets in Resources */ = {isa = PBXBuildFile; fileRef = 9D564F0B22B6171B002A2E42 /* Assets.xcassets */; };
		9D564F0F22B6171B002A2E42 /* LaunchScreen.storyboard in Resources */ = {isa = PBXBuildFile; fileRef = 9D564F0D22B6171B002A2E42 /* LaunchScreen.storyboard */; };
		9D564F1A22B6171B002A2E42 /* ShunTests.swift in Sources */ = {isa = PBXBuildFile; fileRef = 9D564F1922B6171B002A2E42 /* ShunTests.swift */; };
		9D564F2522B6171B002A2E42 /* ShunUITests.swift in Sources */ = {isa = PBXBuildFile; fileRef = 9D564F2422B6171B002A2E42 /* ShunUITests.swift */; };
		9D564F3322B61C0B002A2E42 /* CollectionViewSectionHeader.swift in Sources */ = {isa = PBXBuildFile; fileRef = 9D564F3222B61C0B002A2E42 /* CollectionViewSectionHeader.swift */; };
		9D564F3522B61FCF002A2E42 /* IngredientCollectionViewCell.swift in Sources */ = {isa = PBXBuildFile; fileRef = 9D564F3422B61FCF002A2E42 /* IngredientCollectionViewCell.swift */; };
		9D564F3722B61FFD002A2E42 /* IngredientCollectionViewCell.xib in Resources */ = {isa = PBXBuildFile; fileRef = 9D564F3622B61FFD002A2E42 /* IngredientCollectionViewCell.xib */; };
		9D564F3922B62957002A2E42 /* Ingredient.swift in Sources */ = {isa = PBXBuildFile; fileRef = 9D564F3822B62957002A2E42 /* Ingredient.swift */; };
		9D63BE2922EDDD270052A4E9 /* ArticleViewController.swift in Sources */ = {isa = PBXBuildFile; fileRef = 9D63BE2822EDDD270052A4E9 /* ArticleViewController.swift */; };
		9D63BE2B22EDDD340052A4E9 /* ArticleViewController.storyboard in Resources */ = {isa = PBXBuildFile; fileRef = 9D63BE2A22EDDD340052A4E9 /* ArticleViewController.storyboard */; };
		9D6EBCAC22C0DFC90016938F /* Shun+UIColor.swift in Sources */ = {isa = PBXBuildFile; fileRef = 9D6EBCAB22C0DFC90016938F /* Shun+UIColor.swift */; };
		9D6EBCAE22C0E1220016938F /* Shun+UIFont.swift in Sources */ = {isa = PBXBuildFile; fileRef = 9D6EBCAD22C0E1220016938F /* Shun+UIFont.swift */; };
		9D6EBCB022C0EC600016938F /* CollectionViewSectionHeader.xib in Resources */ = {isa = PBXBuildFile; fileRef = 9D6EBCAF22C0EC600016938F /* CollectionViewSectionHeader.xib */; };
		9D6EBCB322C3A0F90016938F /* IngredientsViewController.swift in Sources */ = {isa = PBXBuildFile; fileRef = 9D6EBCB222C3A0F90016938F /* IngredientsViewController.swift */; };
		9D6EBCB522C3A1090016938F /* IngredientsViewController.storyboard in Resources */ = {isa = PBXBuildFile; fileRef = 9D6EBCB422C3A1090016938F /* IngredientsViewController.storyboard */; };
		9D6EBCB822C3BC0E0016938F /* IngredientsCollectionReusableView.swift in Sources */ = {isa = PBXBuildFile; fileRef = 9D6EBCB622C3BC0E0016938F /* IngredientsCollectionReusableView.swift */; };
		9D6EBCB922C3BC0E0016938F /* IngredientsCollectionReusableView.xib in Resources */ = {isa = PBXBuildFile; fileRef = 9D6EBCB722C3BC0E0016938F /* IngredientsCollectionReusableView.xib */; };
		9D6EBCC022C7D6B10016938F /* ArticleImageTableViewCell.swift in Sources */ = {isa = PBXBuildFile; fileRef = 9D6EBCBE22C7D6B00016938F /* ArticleImageTableViewCell.swift */; };
		9D6EBCC122C7D6B10016938F /* ArticleImageTableViewCell.xib in Resources */ = {isa = PBXBuildFile; fileRef = 9D6EBCBF22C7D6B10016938F /* ArticleImageTableViewCell.xib */; };
		AE4FE8CB611F0E8930233AE6 /* Pods_Shun.framework in Frameworks */ = {isa = PBXBuildFile; fileRef = FD18E70CD91C818D4DA80AAA /* Pods_Shun.framework */; };
/* End PBXBuildFile section */

/* Begin PBXContainerItemProxy section */
		9D564F1622B6171B002A2E42 /* PBXContainerItemProxy */ = {
			isa = PBXContainerItemProxy;
			containerPortal = 9D564EF922B61719002A2E42 /* Project object */;
			proxyType = 1;
			remoteGlobalIDString = 9D564F0022B61719002A2E42;
			remoteInfo = Shun;
		};
		9D564F2122B6171B002A2E42 /* PBXContainerItemProxy */ = {
			isa = PBXContainerItemProxy;
			containerPortal = 9D564EF922B61719002A2E42 /* Project object */;
			proxyType = 1;
			remoteGlobalIDString = 9D564F0022B61719002A2E42;
			remoteInfo = Shun;
		};
/* End PBXContainerItemProxy section */

/* Begin PBXFileReference section */
		0EFDB67256400E6A5C7A7588 /* Pods-ShunTests.release.xcconfig */ = {isa = PBXFileReference; includeInIndex = 1; lastKnownFileType = text.xcconfig; name = "Pods-ShunTests.release.xcconfig"; path = "Pods/Target Support Files/Pods-ShunTests/Pods-ShunTests.release.xcconfig"; sourceTree = "<group>"; };
		1FD478B5F5D825094151D5EC /* Pods_ShunUITests.framework */ = {isa = PBXFileReference; explicitFileType = wrapper.framework; includeInIndex = 0; path = Pods_ShunUITests.framework; sourceTree = BUILT_PRODUCTS_DIR; };
		334D55BD627AC5EE1F4F1FA4 /* Pods-ShunUITests.release.xcconfig */ = {isa = PBXFileReference; includeInIndex = 1; lastKnownFileType = text.xcconfig; name = "Pods-ShunUITests.release.xcconfig"; path = "Pods/Target Support Files/Pods-ShunUITests/Pods-ShunUITests.release.xcconfig"; sourceTree = "<group>"; };
		3847F5E128C8E84F6C0A120D /* Pods-ShunUITests.debug.xcconfig */ = {isa = PBXFileReference; includeInIndex = 1; lastKnownFileType = text.xcconfig; name = "Pods-ShunUITests.debug.xcconfig"; path = "Pods/Target Support Files/Pods-ShunUITests/Pods-ShunUITests.debug.xcconfig"; sourceTree = "<group>"; };
		3B2D234523CC4FDD0098A772 /* SubCategory.swift */ = {isa = PBXFileReference; lastKnownFileType = sourcecode.swift; path = SubCategory.swift; sourceTree = "<group>"; };
		3B4BA541238D627100694585 /* GoogleService-Info.plist */ = {isa = PBXFileReference; lastKnownFileType = text.plist; path = "GoogleService-Info.plist"; sourceTree = SOURCE_ROOT; };
		3B4BA543238D7DE900694585 /* Prefecture.swift */ = {isa = PBXFileReference; lastKnownFileType = sourcecode.swift; path = Prefecture.swift; sourceTree = "<group>"; };
		3BDDF3F8239409BB0099E691 /* Language.swift */ = {isa = PBXFileReference; lastKnownFileType = sourcecode.swift; path = Language.swift; sourceTree = "<group>"; };
		3BDDF3FA23940CFD0099E691 /* Configuration.swift */ = {isa = PBXFileReference; lastKnownFileType = sourcecode.swift; path = Configuration.swift; sourceTree = "<group>"; };
		4C49EDAFD320FFAFAC4B1C27 /* Pods-Shun.debug.xcconfig */ = {isa = PBXFileReference; includeInIndex = 1; lastKnownFileType = text.xcconfig; name = "Pods-Shun.debug.xcconfig"; path = "Pods/Target Support Files/Pods-Shun/Pods-Shun.debug.xcconfig"; sourceTree = "<group>"; };
		91692C7C35DA15A890CAFA10 /* Pods-ShunTests.debug.xcconfig */ = {isa = PBXFileReference; includeInIndex = 1; lastKnownFileType = text.xcconfig; name = "Pods-ShunTests.debug.xcconfig"; path = "Pods/Target Support Files/Pods-ShunTests/Pods-ShunTests.debug.xcconfig"; sourceTree = "<group>"; };
		9D4545DF22BA2279007D1DD0 /* IngredientViewController.swift */ = {isa = PBXFileReference; lastKnownFileType = sourcecode.swift; path = IngredientViewController.swift; sourceTree = "<group>"; };
		9D4545E122BA2289007D1DD0 /* IngredientViewController.storyboard */ = {isa = PBXFileReference; lastKnownFileType = file.storyboard; path = IngredientViewController.storyboard; sourceTree = "<group>"; };
		9D4545E522BA4194007D1DD0 /* Article.swift */ = {isa = PBXFileReference; lastKnownFileType = sourcecode.swift; path = Article.swift; sourceTree = "<group>"; };
		9D4545E722BA4E5D007D1DD0 /* SubArticle.swift */ = {isa = PBXFileReference; lastKnownFileType = sourcecode.swift; path = SubArticle.swift; sourceTree = "<group>"; };
		9D4545E922BF8323007D1DD0 /* ArticleTableViewCell.swift */ = {isa = PBXFileReference; lastKnownFileType = sourcecode.swift; path = ArticleTableViewCell.swift; sourceTree = "<group>"; };
		9D4545EA22BF8323007D1DD0 /* ArticleTableViewCell.xib */ = {isa = PBXFileReference; lastKnownFileType = file.xib; path = ArticleTableViewCell.xib; sourceTree = "<group>"; };
		9D564F0122B61719002A2E42 /* Shun.app */ = {isa = PBXFileReference; explicitFileType = wrapper.application; includeInIndex = 0; path = Shun.app; sourceTree = BUILT_PRODUCTS_DIR; };
		9D564F0422B61719002A2E42 /* AppDelegate.swift */ = {isa = PBXFileReference; lastKnownFileType = sourcecode.swift; path = AppDelegate.swift; sourceTree = "<group>"; };
		9D564F0622B61719002A2E42 /* HomeViewController.swift */ = {isa = PBXFileReference; lastKnownFileType = sourcecode.swift; path = HomeViewController.swift; sourceTree = "<group>"; };
		9D564F0922B61719002A2E42 /* Base */ = {isa = PBXFileReference; lastKnownFileType = file.storyboard; name = Base; path = Base.lproj/Main.storyboard; sourceTree = "<group>"; };
		9D564F0B22B6171B002A2E42 /* Assets.xcassets */ = {isa = PBXFileReference; lastKnownFileType = folder.assetcatalog; path = Assets.xcassets; sourceTree = "<group>"; };
		9D564F0E22B6171B002A2E42 /* Base */ = {isa = PBXFileReference; lastKnownFileType = file.storyboard; name = Base; path = Base.lproj/LaunchScreen.storyboard; sourceTree = "<group>"; };
		9D564F1022B6171B002A2E42 /* Info.plist */ = {isa = PBXFileReference; lastKnownFileType = text.plist.xml; path = Info.plist; sourceTree = "<group>"; };
		9D564F1522B6171B002A2E42 /* ShunTests.xctest */ = {isa = PBXFileReference; explicitFileType = wrapper.cfbundle; includeInIndex = 0; path = ShunTests.xctest; sourceTree = BUILT_PRODUCTS_DIR; };
		9D564F1922B6171B002A2E42 /* ShunTests.swift */ = {isa = PBXFileReference; lastKnownFileType = sourcecode.swift; path = ShunTests.swift; sourceTree = "<group>"; };
		9D564F1B22B6171B002A2E42 /* Info.plist */ = {isa = PBXFileReference; lastKnownFileType = text.plist.xml; path = Info.plist; sourceTree = "<group>"; };
		9D564F2022B6171B002A2E42 /* ShunUITests.xctest */ = {isa = PBXFileReference; explicitFileType = wrapper.cfbundle; includeInIndex = 0; path = ShunUITests.xctest; sourceTree = BUILT_PRODUCTS_DIR; };
		9D564F2422B6171B002A2E42 /* ShunUITests.swift */ = {isa = PBXFileReference; lastKnownFileType = sourcecode.swift; path = ShunUITests.swift; sourceTree = "<group>"; };
		9D564F2622B6171B002A2E42 /* Info.plist */ = {isa = PBXFileReference; lastKnownFileType = text.plist.xml; path = Info.plist; sourceTree = "<group>"; };
		9D564F3222B61C0B002A2E42 /* CollectionViewSectionHeader.swift */ = {isa = PBXFileReference; lastKnownFileType = sourcecode.swift; path = CollectionViewSectionHeader.swift; sourceTree = "<group>"; };
		9D564F3422B61FCF002A2E42 /* IngredientCollectionViewCell.swift */ = {isa = PBXFileReference; lastKnownFileType = sourcecode.swift; path = IngredientCollectionViewCell.swift; sourceTree = "<group>"; };
		9D564F3622B61FFD002A2E42 /* IngredientCollectionViewCell.xib */ = {isa = PBXFileReference; lastKnownFileType = file.xib; path = IngredientCollectionViewCell.xib; sourceTree = "<group>"; };
		9D564F3822B62957002A2E42 /* Ingredient.swift */ = {isa = PBXFileReference; lastKnownFileType = sourcecode.swift; path = Ingredient.swift; sourceTree = "<group>"; };
		9D63BE2822EDDD270052A4E9 /* ArticleViewController.swift */ = {isa = PBXFileReference; lastKnownFileType = sourcecode.swift; path = ArticleViewController.swift; sourceTree = "<group>"; };
		9D63BE2A22EDDD340052A4E9 /* ArticleViewController.storyboard */ = {isa = PBXFileReference; lastKnownFileType = file.storyboard; path = ArticleViewController.storyboard; sourceTree = "<group>"; };
		9D6EBCAB22C0DFC90016938F /* Shun+UIColor.swift */ = {isa = PBXFileReference; lastKnownFileType = sourcecode.swift; path = "Shun+UIColor.swift"; sourceTree = "<group>"; };
		9D6EBCAD22C0E1220016938F /* Shun+UIFont.swift */ = {isa = PBXFileReference; lastKnownFileType = sourcecode.swift; path = "Shun+UIFont.swift"; sourceTree = "<group>"; };
		9D6EBCAF22C0EC600016938F /* CollectionViewSectionHeader.xib */ = {isa = PBXFileReference; lastKnownFileType = file.xib; path = CollectionViewSectionHeader.xib; sourceTree = "<group>"; };
		9D6EBCB222C3A0F90016938F /* IngredientsViewController.swift */ = {isa = PBXFileReference; lastKnownFileType = sourcecode.swift; path = IngredientsViewController.swift; sourceTree = "<group>"; };
		9D6EBCB422C3A1090016938F /* IngredientsViewController.storyboard */ = {isa = PBXFileReference; lastKnownFileType = file.storyboard; path = IngredientsViewController.storyboard; sourceTree = "<group>"; };
		9D6EBCB622C3BC0E0016938F /* IngredientsCollectionReusableView.swift */ = {isa = PBXFileReference; lastKnownFileType = sourcecode.swift; path = IngredientsCollectionReusableView.swift; sourceTree = "<group>"; };
		9D6EBCB722C3BC0E0016938F /* IngredientsCollectionReusableView.xib */ = {isa = PBXFileReference; lastKnownFileType = file.xib; path = IngredientsCollectionReusableView.xib; sourceTree = "<group>"; };
		9D6EBCBE22C7D6B00016938F /* ArticleImageTableViewCell.swift */ = {isa = PBXFileReference; lastKnownFileType = sourcecode.swift; path = ArticleImageTableViewCell.swift; sourceTree = "<group>"; };
		9D6EBCBF22C7D6B10016938F /* ArticleImageTableViewCell.xib */ = {isa = PBXFileReference; lastKnownFileType = file.xib; path = ArticleImageTableViewCell.xib; sourceTree = "<group>"; };
		E7193826B6C69BE7D58259B2 /* Pods-Shun.release.xcconfig */ = {isa = PBXFileReference; includeInIndex = 1; lastKnownFileType = text.xcconfig; name = "Pods-Shun.release.xcconfig"; path = "Pods/Target Support Files/Pods-Shun/Pods-Shun.release.xcconfig"; sourceTree = "<group>"; };
		EBDE8C0369110F5367F014A8 /* Pods_ShunTests.framework */ = {isa = PBXFileReference; explicitFileType = wrapper.framework; includeInIndex = 0; path = Pods_ShunTests.framework; sourceTree = BUILT_PRODUCTS_DIR; };
		FD18E70CD91C818D4DA80AAA /* Pods_Shun.framework */ = {isa = PBXFileReference; explicitFileType = wrapper.framework; includeInIndex = 0; path = Pods_Shun.framework; sourceTree = BUILT_PRODUCTS_DIR; };
/* End PBXFileReference section */

/* Begin PBXFrameworksBuildPhase section */
		9D564EFE22B61719002A2E42 /* Frameworks */ = {
			isa = PBXFrameworksBuildPhase;
			buildActionMask = 2147483647;
			files = (
				AE4FE8CB611F0E8930233AE6 /* Pods_Shun.framework in Frameworks */,
			);
			runOnlyForDeploymentPostprocessing = 0;
		};
		9D564F1222B6171B002A2E42 /* Frameworks */ = {
			isa = PBXFrameworksBuildPhase;
			buildActionMask = 2147483647;
			files = (
				32123754BB2209B0BF83BD2B /* Pods_ShunTests.framework in Frameworks */,
			);
			runOnlyForDeploymentPostprocessing = 0;
		};
		9D564F1D22B6171B002A2E42 /* Frameworks */ = {
			isa = PBXFrameworksBuildPhase;
			buildActionMask = 2147483647;
			files = (
				6464E58B5593B2E92274CE98 /* Pods_ShunUITests.framework in Frameworks */,
			);
			runOnlyForDeploymentPostprocessing = 0;
		};
/* End PBXFrameworksBuildPhase section */

/* Begin PBXGroup section */
		1644E64C10EFD7D1CB985B3E /* Frameworks */ = {
			isa = PBXGroup;
			children = (
				FD18E70CD91C818D4DA80AAA /* Pods_Shun.framework */,
				EBDE8C0369110F5367F014A8 /* Pods_ShunTests.framework */,
				1FD478B5F5D825094151D5EC /* Pods_ShunUITests.framework */,
			);
			name = Frameworks;
			sourceTree = "<group>";
		};
		9D4545E322BA413F007D1DD0 /* View */ = {
			isa = PBXGroup;
			children = (
				9D63BE2722EDDCF70052A4E9 /* Article */,
				9D6EBCB122C3A0880016938F /* Ingredients */,
				9D4545EE22BF8346007D1DD0 /* Ingredient */,
				9D4545ED22BF8329007D1DD0 /* Home */,
			);
			path = View;
			sourceTree = "<group>";
		};
		9D4545E422BA415D007D1DD0 /* Model */ = {
			isa = PBXGroup;
			children = (
				9D564F3822B62957002A2E42 /* Ingredient.swift */,
				9D4545E522BA4194007D1DD0 /* Article.swift */,
				9D4545E722BA4E5D007D1DD0 /* SubArticle.swift */,
				3B4BA543238D7DE900694585 /* Prefecture.swift */,
				3BDDF3F8239409BB0099E691 /* Language.swift */,
				3B2D234523CC4FDD0098A772 /* SubCategory.swift */,
			);
			path = Model;
			sourceTree = "<group>";
		};
		9D4545ED22BF8329007D1DD0 /* Home */ = {
			isa = PBXGroup;
			children = (
				9D564F3222B61C0B002A2E42 /* CollectionViewSectionHeader.swift */,
				9D6EBCAF22C0EC600016938F /* CollectionViewSectionHeader.xib */,
				9D564F3422B61FCF002A2E42 /* IngredientCollectionViewCell.swift */,
				9D564F3622B61FFD002A2E42 /* IngredientCollectionViewCell.xib */,
				9D564F0622B61719002A2E42 /* HomeViewController.swift */,
				9D564F0822B61719002A2E42 /* Main.storyboard */,
			);
			path = Home;
			sourceTree = "<group>";
		};
		9D4545EE22BF8346007D1DD0 /* Ingredient */ = {
			isa = PBXGroup;
			children = (
				9D4545E122BA2289007D1DD0 /* IngredientViewController.storyboard */,
				9D4545DF22BA2279007D1DD0 /* IngredientViewController.swift */,
				9D4545E922BF8323007D1DD0 /* ArticleTableViewCell.swift */,
				9D4545EA22BF8323007D1DD0 /* ArticleTableViewCell.xib */,
				9D6EBCBE22C7D6B00016938F /* ArticleImageTableViewCell.swift */,
				9D6EBCBF22C7D6B10016938F /* ArticleImageTableViewCell.xib */,
			);
			path = Ingredient;
			sourceTree = "<group>";
		};
		9D564EF822B61719002A2E42 = {
			isa = PBXGroup;
			children = (
				9D564F0322B61719002A2E42 /* Shun */,
				9D564F1822B6171B002A2E42 /* ShunTests */,
				9D564F2322B6171B002A2E42 /* ShunUITests */,
				9D564F0222B61719002A2E42 /* Products */,
				A6ED66D1EAF6D292A4C70421 /* Pods */,
				1644E64C10EFD7D1CB985B3E /* Frameworks */,
			);
			sourceTree = "<group>";
		};
		9D564F0222B61719002A2E42 /* Products */ = {
			isa = PBXGroup;
			children = (
				9D564F0122B61719002A2E42 /* Shun.app */,
				9D564F1522B6171B002A2E42 /* ShunTests.xctest */,
				9D564F2022B6171B002A2E42 /* ShunUITests.xctest */,
			);
			name = Products;
			sourceTree = "<group>";
		};
		9D564F0322B61719002A2E42 /* Shun */ = {
			isa = PBXGroup;
			children = (
				9D564F0422B61719002A2E42 /* AppDelegate.swift */,
				9D6EBCAB22C0DFC90016938F /* Shun+UIColor.swift */,
				9D6EBCAD22C0E1220016938F /* Shun+UIFont.swift */,
				3BDDF3FA23940CFD0099E691 /* Configuration.swift */,
				9D4545E422BA415D007D1DD0 /* Model */,
				9D4545E322BA413F007D1DD0 /* View */,
				9D564F0B22B6171B002A2E42 /* Assets.xcassets */,
				9D564F0D22B6171B002A2E42 /* LaunchScreen.storyboard */,
				9D564F1022B6171B002A2E42 /* Info.plist */,
				3B4BA541238D627100694585 /* GoogleService-Info.plist */,
			);
			path = Shun;
			sourceTree = "<group>";
		};
		9D564F1822B6171B002A2E42 /* ShunTests */ = {
			isa = PBXGroup;
			children = (
				9D564F1922B6171B002A2E42 /* ShunTests.swift */,
				9D564F1B22B6171B002A2E42 /* Info.plist */,
			);
			path = ShunTests;
			sourceTree = "<group>";
		};
		9D564F2322B6171B002A2E42 /* ShunUITests */ = {
			isa = PBXGroup;
			children = (
				9D564F2422B6171B002A2E42 /* ShunUITests.swift */,
				9D564F2622B6171B002A2E42 /* Info.plist */,
			);
			path = ShunUITests;
			sourceTree = "<group>";
		};
		9D63BE2722EDDCF70052A4E9 /* Article */ = {
			isa = PBXGroup;
			children = (
				9D63BE2822EDDD270052A4E9 /* ArticleViewController.swift */,
				9D63BE2A22EDDD340052A4E9 /* ArticleViewController.storyboard */,
			);
			path = Article;
			sourceTree = "<group>";
		};
		9D6EBCB122C3A0880016938F /* Ingredients */ = {
			isa = PBXGroup;
			children = (
				9D6EBCB222C3A0F90016938F /* IngredientsViewController.swift */,
				9D6EBCB422C3A1090016938F /* IngredientsViewController.storyboard */,
				9D6EBCB622C3BC0E0016938F /* IngredientsCollectionReusableView.swift */,
				9D6EBCB722C3BC0E0016938F /* IngredientsCollectionReusableView.xib */,
			);
			path = Ingredients;
			sourceTree = "<group>";
		};
		A6ED66D1EAF6D292A4C70421 /* Pods */ = {
			isa = PBXGroup;
			children = (
				4C49EDAFD320FFAFAC4B1C27 /* Pods-Shun.debug.xcconfig */,
				E7193826B6C69BE7D58259B2 /* Pods-Shun.release.xcconfig */,
				91692C7C35DA15A890CAFA10 /* Pods-ShunTests.debug.xcconfig */,
				0EFDB67256400E6A5C7A7588 /* Pods-ShunTests.release.xcconfig */,
				3847F5E128C8E84F6C0A120D /* Pods-ShunUITests.debug.xcconfig */,
				334D55BD627AC5EE1F4F1FA4 /* Pods-ShunUITests.release.xcconfig */,
			);
			name = Pods;
			sourceTree = "<group>";
		};
/* End PBXGroup section */

/* Begin PBXNativeTarget section */
		9D564F0022B61719002A2E42 /* Shun */ = {
			isa = PBXNativeTarget;
			buildConfigurationList = 9D564F2922B6171B002A2E42 /* Build configuration list for PBXNativeTarget "Shun" */;
			buildPhases = (
				C23BDA9ED15B68CFFCF7E284 /* [CP] Check Pods Manifest.lock */,
				9D564EFD22B61719002A2E42 /* Sources */,
				9D564EFE22B61719002A2E42 /* Frameworks */,
				9D564EFF22B61719002A2E42 /* Resources */,
				6F898F2BE14EEEE261BF1D69 /* [CP] Embed Pods Frameworks */,
			);
			buildRules = (
			);
			dependencies = (
			);
			name = Shun;
			productName = Shun;
			productReference = 9D564F0122B61719002A2E42 /* Shun.app */;
			productType = "com.apple.product-type.application";
		};
		9D564F1422B6171B002A2E42 /* ShunTests */ = {
			isa = PBXNativeTarget;
			buildConfigurationList = 9D564F2C22B6171B002A2E42 /* Build configuration list for PBXNativeTarget "ShunTests" */;
			buildPhases = (
				55A9E33A9485DBA1D73ABBEE /* [CP] Check Pods Manifest.lock */,
				9D564F1122B6171B002A2E42 /* Sources */,
				9D564F1222B6171B002A2E42 /* Frameworks */,
				9D564F1322B6171B002A2E42 /* Resources */,
			);
			buildRules = (
			);
			dependencies = (
				9D564F1722B6171B002A2E42 /* PBXTargetDependency */,
			);
			name = ShunTests;
			productName = ShunTests;
			productReference = 9D564F1522B6171B002A2E42 /* ShunTests.xctest */;
			productType = "com.apple.product-type.bundle.unit-test";
		};
		9D564F1F22B6171B002A2E42 /* ShunUITests */ = {
			isa = PBXNativeTarget;
			buildConfigurationList = 9D564F2F22B6171B002A2E42 /* Build configuration list for PBXNativeTarget "ShunUITests" */;
			buildPhases = (
				E37EE5CECCBA35DA71AD0EE7 /* [CP] Check Pods Manifest.lock */,
				9D564F1C22B6171B002A2E42 /* Sources */,
				9D564F1D22B6171B002A2E42 /* Frameworks */,
				9D564F1E22B6171B002A2E42 /* Resources */,
			);
			buildRules = (
			);
			dependencies = (
				9D564F2222B6171B002A2E42 /* PBXTargetDependency */,
			);
			name = ShunUITests;
			productName = ShunUITests;
			productReference = 9D564F2022B6171B002A2E42 /* ShunUITests.xctest */;
			productType = "com.apple.product-type.bundle.ui-testing";
		};
/* End PBXNativeTarget section */

/* Begin PBXProject section */
		9D564EF922B61719002A2E42 /* Project object */ = {
			isa = PBXProject;
			attributes = {
				LastSwiftUpdateCheck = 1010;
				LastUpgradeCheck = 1010;
				ORGANIZATIONNAME = tatsuleft;
				TargetAttributes = {
					9D564F0022B61719002A2E42 = {
						CreatedOnToolsVersion = 10.1;
					};
					9D564F1422B6171B002A2E42 = {
						CreatedOnToolsVersion = 10.1;
						TestTargetID = 9D564F0022B61719002A2E42;
					};
					9D564F1F22B6171B002A2E42 = {
						CreatedOnToolsVersion = 10.1;
						TestTargetID = 9D564F0022B61719002A2E42;
					};
				};
			};
			buildConfigurationList = 9D564EFC22B61719002A2E42 /* Build configuration list for PBXProject "Shun" */;
			compatibilityVersion = "Xcode 9.3";
			developmentRegion = en;
			hasScannedForEncodings = 0;
			knownRegions = (
				en,
				Base,
			);
			mainGroup = 9D564EF822B61719002A2E42;
			productRefGroup = 9D564F0222B61719002A2E42 /* Products */;
			projectDirPath = "";
			projectRoot = "";
			targets = (
				9D564F0022B61719002A2E42 /* Shun */,
				9D564F1422B6171B002A2E42 /* ShunTests */,
				9D564F1F22B6171B002A2E42 /* ShunUITests */,
			);
		};
/* End PBXProject section */

/* Begin PBXResourcesBuildPhase section */
		9D564EFF22B61719002A2E42 /* Resources */ = {
			isa = PBXResourcesBuildPhase;
			buildActionMask = 2147483647;
			files = (
				9D63BE2B22EDDD340052A4E9 /* ArticleViewController.storyboard in Resources */,
				9D6EBCC122C7D6B10016938F /* ArticleImageTableViewCell.xib in Resources */,
				9D4545E222BA2289007D1DD0 /* IngredientViewController.storyboard in Resources */,
				9D564F0F22B6171B002A2E42 /* LaunchScreen.storyboard in Resources */,
				9D564F0C22B6171B002A2E42 /* Assets.xcassets in Resources */,
				3B4BA542238D627100694585 /* GoogleService-Info.plist in Resources */,
				9D4545EC22BF8323007D1DD0 /* ArticleTableViewCell.xib in Resources */,
				9D6EBCB022C0EC600016938F /* CollectionViewSectionHeader.xib in Resources */,
				9D564F3722B61FFD002A2E42 /* IngredientCollectionViewCell.xib in Resources */,
				9D6EBCB522C3A1090016938F /* IngredientsViewController.storyboard in Resources */,
				9D6EBCB922C3BC0E0016938F /* IngredientsCollectionReusableView.xib in Resources */,
				9D564F0A22B61719002A2E42 /* Main.storyboard in Resources */,
			);
			runOnlyForDeploymentPostprocessing = 0;
		};
		9D564F1322B6171B002A2E42 /* Resources */ = {
			isa = PBXResourcesBuildPhase;
			buildActionMask = 2147483647;
			files = (
			);
			runOnlyForDeploymentPostprocessing = 0;
		};
		9D564F1E22B6171B002A2E42 /* Resources */ = {
			isa = PBXResourcesBuildPhase;
			buildActionMask = 2147483647;
			files = (
			);
			runOnlyForDeploymentPostprocessing = 0;
		};
/* End PBXResourcesBuildPhase section */

/* Begin PBXShellScriptBuildPhase section */
		55A9E33A9485DBA1D73ABBEE /* [CP] Check Pods Manifest.lock */ = {
			isa = PBXShellScriptBuildPhase;
			buildActionMask = 2147483647;
			files = (
			);
			inputPaths = (
				"${PODS_PODFILE_DIR_PATH}/Podfile.lock",
				"${PODS_ROOT}/Manifest.lock",
			);
			name = "[CP] Check Pods Manifest.lock";
			outputPaths = (
				"$(DERIVED_FILE_DIR)/Pods-ShunTests-checkManifestLockResult.txt",
			);
			runOnlyForDeploymentPostprocessing = 0;
			shellPath = /bin/sh;
			shellScript = "diff \"${PODS_PODFILE_DIR_PATH}/Podfile.lock\" \"${PODS_ROOT}/Manifest.lock\" > /dev/null\nif [ $? != 0 ] ; then\n    # print error to STDERR\n    echo \"error: The sandbox is not in sync with the Podfile.lock. Run 'pod install' or update your CocoaPods installation.\" >&2\n    exit 1\nfi\n# This output is used by Xcode 'outputs' to avoid re-running this script phase.\necho \"SUCCESS\" > \"${SCRIPT_OUTPUT_FILE_0}\"\n";
			showEnvVarsInLog = 0;
		};
		6F898F2BE14EEEE261BF1D69 /* [CP] Embed Pods Frameworks */ = {
			isa = PBXShellScriptBuildPhase;
			buildActionMask = 2147483647;
			files = (
			);
			inputPaths = (
				"${SRCROOT}/Pods/Target Support Files/Pods-Shun/Pods-Shun-frameworks.sh",
				"${BUILT_PRODUCTS_DIR}/BoringSSL-GRPC/openssl_grpc.framework",
				"${BUILT_PRODUCTS_DIR}/GoogleUtilities/GoogleUtilities.framework",
				"${BUILT_PRODUCTS_DIR}/Protobuf/Protobuf.framework",
				"${BUILT_PRODUCTS_DIR}/SDWebImage/SDWebImage.framework",
				"${BUILT_PRODUCTS_DIR}/gRPC-C++/grpcpp.framework",
				"${BUILT_PRODUCTS_DIR}/gRPC-Core/grpc.framework",
				"${BUILT_PRODUCTS_DIR}/leveldb-library/leveldb.framework",
				"${BUILT_PRODUCTS_DIR}/nanopb/nanopb.framework",
			);
			name = "[CP] Embed Pods Frameworks";
			outputPaths = (
				"${TARGET_BUILD_DIR}/${FRAMEWORKS_FOLDER_PATH}/openssl_grpc.framework",
				"${TARGET_BUILD_DIR}/${FRAMEWORKS_FOLDER_PATH}/GoogleUtilities.framework",
				"${TARGET_BUILD_DIR}/${FRAMEWORKS_FOLDER_PATH}/Protobuf.framework",
				"${TARGET_BUILD_DIR}/${FRAMEWORKS_FOLDER_PATH}/SDWebImage.framework",
				"${TARGET_BUILD_DIR}/${FRAMEWORKS_FOLDER_PATH}/grpcpp.framework",
				"${TARGET_BUILD_DIR}/${FRAMEWORKS_FOLDER_PATH}/grpc.framework",
				"${TARGET_BUILD_DIR}/${FRAMEWORKS_FOLDER_PATH}/leveldb.framework",
				"${TARGET_BUILD_DIR}/${FRAMEWORKS_FOLDER_PATH}/nanopb.framework",
			);
			runOnlyForDeploymentPostprocessing = 0;
			shellPath = /bin/sh;
			shellScript = "\"${SRCROOT}/Pods/Target Support Files/Pods-Shun/Pods-Shun-frameworks.sh\"\n";
			showEnvVarsInLog = 0;
		};
		C23BDA9ED15B68CFFCF7E284 /* [CP] Check Pods Manifest.lock */ = {
			isa = PBXShellScriptBuildPhase;
			buildActionMask = 2147483647;
			files = (
			);
			inputPaths = (
				"${PODS_PODFILE_DIR_PATH}/Podfile.lock",
				"${PODS_ROOT}/Manifest.lock",
			);
			name = "[CP] Check Pods Manifest.lock";
			outputPaths = (
				"$(DERIVED_FILE_DIR)/Pods-Shun-checkManifestLockResult.txt",
			);
			runOnlyForDeploymentPostprocessing = 0;
			shellPath = /bin/sh;
			shellScript = "diff \"${PODS_PODFILE_DIR_PATH}/Podfile.lock\" \"${PODS_ROOT}/Manifest.lock\" > /dev/null\nif [ $? != 0 ] ; then\n    # print error to STDERR\n    echo \"error: The sandbox is not in sync with the Podfile.lock. Run 'pod install' or update your CocoaPods installation.\" >&2\n    exit 1\nfi\n# This output is used by Xcode 'outputs' to avoid re-running this script phase.\necho \"SUCCESS\" > \"${SCRIPT_OUTPUT_FILE_0}\"\n";
			showEnvVarsInLog = 0;
		};
		E37EE5CECCBA35DA71AD0EE7 /* [CP] Check Pods Manifest.lock */ = {
			isa = PBXShellScriptBuildPhase;
			buildActionMask = 2147483647;
			files = (
			);
			inputPaths = (
				"${PODS_PODFILE_DIR_PATH}/Podfile.lock",
				"${PODS_ROOT}/Manifest.lock",
			);
			name = "[CP] Check Pods Manifest.lock";
			outputPaths = (
				"$(DERIVED_FILE_DIR)/Pods-ShunUITests-checkManifestLockResult.txt",
			);
			runOnlyForDeploymentPostprocessing = 0;
			shellPath = /bin/sh;
			shellScript = "diff \"${PODS_PODFILE_DIR_PATH}/Podfile.lock\" \"${PODS_ROOT}/Manifest.lock\" > /dev/null\nif [ $? != 0 ] ; then\n    # print error to STDERR\n    echo \"error: The sandbox is not in sync with the Podfile.lock. Run 'pod install' or update your CocoaPods installation.\" >&2\n    exit 1\nfi\n# This output is used by Xcode 'outputs' to avoid re-running this script phase.\necho \"SUCCESS\" > \"${SCRIPT_OUTPUT_FILE_0}\"\n";
			showEnvVarsInLog = 0;
		};
/* End PBXShellScriptBuildPhase section */

/* Begin PBXSourcesBuildPhase section */
		9D564EFD22B61719002A2E42 /* Sources */ = {
			isa = PBXSourcesBuildPhase;
			buildActionMask = 2147483647;
			files = (
				9D4545E622BA4194007D1DD0 /* Article.swift in Sources */,
				9D4545EB22BF8323007D1DD0 /* ArticleTableViewCell.swift in Sources */,
				9D4545E822BA4E5D007D1DD0 /* SubArticle.swift in Sources */,
				9D6EBCAC22C0DFC90016938F /* Shun+UIColor.swift in Sources */,
				9D564F0722B61719002A2E42 /* HomeViewController.swift in Sources */,
				9D6EBCAE22C0E1220016938F /* Shun+UIFont.swift in Sources */,
				9D4545E022BA2279007D1DD0 /* IngredientViewController.swift in Sources */,
				9D63BE2922EDDD270052A4E9 /* ArticleViewController.swift in Sources */,
				3BDDF3F9239409BB0099E691 /* Language.swift in Sources */,
				9D6EBCC022C7D6B10016938F /* ArticleImageTableViewCell.swift in Sources */,
				9D564F3522B61FCF002A2E42 /* IngredientCollectionViewCell.swift in Sources */,
				9D564F3922B62957002A2E42 /* Ingredient.swift in Sources */,
				9D6EBCB322C3A0F90016938F /* IngredientsViewController.swift in Sources */,
				9D564F0522B61719002A2E42 /* AppDelegate.swift in Sources */,
				3B2D234623CC4FDD0098A772 /* SubCategory.swift in Sources */,
				3BDDF3FB23940CFD0099E691 /* Configuration.swift in Sources */,
				9D564F3322B61C0B002A2E42 /* CollectionViewSectionHeader.swift in Sources */,
				9D6EBCB822C3BC0E0016938F /* IngredientsCollectionReusableView.swift in Sources */,
				3B4BA544238D7DE900694585 /* Prefecture.swift in Sources */,
			);
			runOnlyForDeploymentPostprocessing = 0;
		};
		9D564F1122B6171B002A2E42 /* Sources */ = {
			isa = PBXSourcesBuildPhase;
			buildActionMask = 2147483647;
			files = (
				9D564F1A22B6171B002A2E42 /* ShunTests.swift in Sources */,
			);
			runOnlyForDeploymentPostprocessing = 0;
		};
		9D564F1C22B6171B002A2E42 /* Sources */ = {
			isa = PBXSourcesBuildPhase;
			buildActionMask = 2147483647;
			files = (
				9D564F2522B6171B002A2E42 /* ShunUITests.swift in Sources */,
			);
			runOnlyForDeploymentPostprocessing = 0;
		};
/* End PBXSourcesBuildPhase section */

/* Begin PBXTargetDependency section */
		9D564F1722B6171B002A2E42 /* PBXTargetDependency */ = {
			isa = PBXTargetDependency;
			target = 9D564F0022B61719002A2E42 /* Shun */;
			targetProxy = 9D564F1622B6171B002A2E42 /* PBXContainerItemProxy */;
		};
		9D564F2222B6171B002A2E42 /* PBXTargetDependency */ = {
			isa = PBXTargetDependency;
			target = 9D564F0022B61719002A2E42 /* Shun */;
			targetProxy = 9D564F2122B6171B002A2E42 /* PBXContainerItemProxy */;
		};
/* End PBXTargetDependency section */

/* Begin PBXVariantGroup section */
		9D564F0822B61719002A2E42 /* Main.storyboard */ = {
			isa = PBXVariantGroup;
			children = (
				9D564F0922B61719002A2E42 /* Base */,
			);
			name = Main.storyboard;
			sourceTree = "<group>";
		};
		9D564F0D22B6171B002A2E42 /* LaunchScreen.storyboard */ = {
			isa = PBXVariantGroup;
			children = (
				9D564F0E22B6171B002A2E42 /* Base */,
			);
			name = LaunchScreen.storyboard;
			sourceTree = "<group>";
		};
/* End PBXVariantGroup section */

/* Begin XCBuildConfiguration section */
		9D564F2722B6171B002A2E42 /* Debug */ = {
			isa = XCBuildConfiguration;
			buildSettings = {
				ALWAYS_SEARCH_USER_PATHS = NO;
				CLANG_ANALYZER_NONNULL = YES;
				CLANG_ANALYZER_NUMBER_OBJECT_CONVERSION = YES_AGGRESSIVE;
				CLANG_CXX_LANGUAGE_STANDARD = "gnu++14";
				CLANG_CXX_LIBRARY = "libc++";
				CLANG_ENABLE_MODULES = YES;
				CLANG_ENABLE_OBJC_ARC = YES;
				CLANG_ENABLE_OBJC_WEAK = YES;
				CLANG_WARN_BLOCK_CAPTURE_AUTORELEASING = YES;
				CLANG_WARN_BOOL_CONVERSION = YES;
				CLANG_WARN_COMMA = YES;
				CLANG_WARN_CONSTANT_CONVERSION = YES;
				CLANG_WARN_DEPRECATED_OBJC_IMPLEMENTATIONS = YES;
				CLANG_WARN_DIRECT_OBJC_ISA_USAGE = YES_ERROR;
				CLANG_WARN_DOCUMENTATION_COMMENTS = YES;
				CLANG_WARN_EMPTY_BODY = YES;
				CLANG_WARN_ENUM_CONVERSION = YES;
				CLANG_WARN_INFINITE_RECURSION = YES;
				CLANG_WARN_INT_CONVERSION = YES;
				CLANG_WARN_NON_LITERAL_NULL_CONVERSION = YES;
				CLANG_WARN_OBJC_IMPLICIT_RETAIN_SELF = YES;
				CLANG_WARN_OBJC_LITERAL_CONVERSION = YES;
				CLANG_WARN_OBJC_ROOT_CLASS = YES_ERROR;
				CLANG_WARN_RANGE_LOOP_ANALYSIS = YES;
				CLANG_WARN_STRICT_PROTOTYPES = YES;
				CLANG_WARN_SUSPICIOUS_MOVE = YES;
				CLANG_WARN_UNGUARDED_AVAILABILITY = YES_AGGRESSIVE;
				CLANG_WARN_UNREACHABLE_CODE = YES;
				CLANG_WARN__DUPLICATE_METHOD_MATCH = YES;
				CODE_SIGN_IDENTITY = "iPhone Developer";
				COPY_PHASE_STRIP = NO;
				DEBUG_INFORMATION_FORMAT = dwarf;
				ENABLE_STRICT_OBJC_MSGSEND = YES;
				ENABLE_TESTABILITY = YES;
				GCC_C_LANGUAGE_STANDARD = gnu11;
				GCC_DYNAMIC_NO_PIC = NO;
				GCC_NO_COMMON_BLOCKS = YES;
				GCC_OPTIMIZATION_LEVEL = 0;
				GCC_PREPROCESSOR_DEFINITIONS = (
					"DEBUG=1",
					"$(inherited)",
				);
				GCC_WARN_64_TO_32_BIT_CONVERSION = YES;
				GCC_WARN_ABOUT_RETURN_TYPE = YES_ERROR;
				GCC_WARN_UNDECLARED_SELECTOR = YES;
				GCC_WARN_UNINITIALIZED_AUTOS = YES_AGGRESSIVE;
				GCC_WARN_UNUSED_FUNCTION = YES;
				GCC_WARN_UNUSED_VARIABLE = YES;
				IPHONEOS_DEPLOYMENT_TARGET = 12.1;
				MTL_ENABLE_DEBUG_INFO = INCLUDE_SOURCE;
				MTL_FAST_MATH = YES;
				ONLY_ACTIVE_ARCH = YES;
				SDKROOT = iphoneos;
				SWIFT_ACTIVE_COMPILATION_CONDITIONS = DEBUG;
				SWIFT_OPTIMIZATION_LEVEL = "-Onone";
			};
			name = Debug;
		};
		9D564F2822B6171B002A2E42 /* Release */ = {
			isa = XCBuildConfiguration;
			buildSettings = {
				ALWAYS_SEARCH_USER_PATHS = NO;
				CLANG_ANALYZER_NONNULL = YES;
				CLANG_ANALYZER_NUMBER_OBJECT_CONVERSION = YES_AGGRESSIVE;
				CLANG_CXX_LANGUAGE_STANDARD = "gnu++14";
				CLANG_CXX_LIBRARY = "libc++";
				CLANG_ENABLE_MODULES = YES;
				CLANG_ENABLE_OBJC_ARC = YES;
				CLANG_ENABLE_OBJC_WEAK = YES;
				CLANG_WARN_BLOCK_CAPTURE_AUTORELEASING = YES;
				CLANG_WARN_BOOL_CONVERSION = YES;
				CLANG_WARN_COMMA = YES;
				CLANG_WARN_CONSTANT_CONVERSION = YES;
				CLANG_WARN_DEPRECATED_OBJC_IMPLEMENTATIONS = YES;
				CLANG_WARN_DIRECT_OBJC_ISA_USAGE = YES_ERROR;
				CLANG_WARN_DOCUMENTATION_COMMENTS = YES;
				CLANG_WARN_EMPTY_BODY = YES;
				CLANG_WARN_ENUM_CONVERSION = YES;
				CLANG_WARN_INFINITE_RECURSION = YES;
				CLANG_WARN_INT_CONVERSION = YES;
				CLANG_WARN_NON_LITERAL_NULL_CONVERSION = YES;
				CLANG_WARN_OBJC_IMPLICIT_RETAIN_SELF = YES;
				CLANG_WARN_OBJC_LITERAL_CONVERSION = YES;
				CLANG_WARN_OBJC_ROOT_CLASS = YES_ERROR;
				CLANG_WARN_RANGE_LOOP_ANALYSIS = YES;
				CLANG_WARN_STRICT_PROTOTYPES = YES;
				CLANG_WARN_SUSPICIOUS_MOVE = YES;
				CLANG_WARN_UNGUARDED_AVAILABILITY = YES_AGGRESSIVE;
				CLANG_WARN_UNREACHABLE_CODE = YES;
				CLANG_WARN__DUPLICATE_METHOD_MATCH = YES;
				CODE_SIGN_IDENTITY = "iPhone Developer";
				COPY_PHASE_STRIP = NO;
				DEBUG_INFORMATION_FORMAT = "dwarf-with-dsym";
				ENABLE_NS_ASSERTIONS = NO;
				ENABLE_STRICT_OBJC_MSGSEND = YES;
				GCC_C_LANGUAGE_STANDARD = gnu11;
				GCC_NO_COMMON_BLOCKS = YES;
				GCC_WARN_64_TO_32_BIT_CONVERSION = YES;
				GCC_WARN_ABOUT_RETURN_TYPE = YES_ERROR;
				GCC_WARN_UNDECLARED_SELECTOR = YES;
				GCC_WARN_UNINITIALIZED_AUTOS = YES_AGGRESSIVE;
				GCC_WARN_UNUSED_FUNCTION = YES;
				GCC_WARN_UNUSED_VARIABLE = YES;
				IPHONEOS_DEPLOYMENT_TARGET = 12.1;
				MTL_ENABLE_DEBUG_INFO = NO;
				MTL_FAST_MATH = YES;
				SDKROOT = iphoneos;
				SWIFT_COMPILATION_MODE = wholemodule;
				SWIFT_OPTIMIZATION_LEVEL = "-O";
				VALIDATE_PRODUCT = YES;
			};
			name = Release;
		};
		9D564F2A22B6171B002A2E42 /* Debug */ = {
			isa = XCBuildConfiguration;
			baseConfigurationReference = 4C49EDAFD320FFAFAC4B1C27 /* Pods-Shun.debug.xcconfig */;
			buildSettings = {
				ASSETCATALOG_COMPILER_APPICON_NAME = AppIcon;
				CODE_SIGN_STYLE = Automatic;
				CURRENT_PROJECT_VERSION = 1.0.4;
				DEVELOPMENT_TEAM = L935ZADDL9;
				INFOPLIST_FILE = Shun/Info.plist;
				LD_RUNPATH_SEARCH_PATHS = (
					"$(inherited)",
					"@executable_path/Frameworks",
				);
				MARKETING_VERSION = 1.0.4;
				PRODUCT_BUNDLE_IDENTIFIER = com.eatdoginthemouth.Shun;
				PRODUCT_NAME = "$(TARGET_NAME)";
				SWIFT_VERSION = 4.2;
				TARGETED_DEVICE_FAMILY = "1,2";
			};
			name = Debug;
		};
		9D564F2B22B6171B002A2E42 /* Release */ = {
			isa = XCBuildConfiguration;
			baseConfigurationReference = E7193826B6C69BE7D58259B2 /* Pods-Shun.release.xcconfig */;
			buildSettings = {
				ASSETCATALOG_COMPILER_APPICON_NAME = AppIcon;
				CODE_SIGN_STYLE = Automatic;
				CURRENT_PROJECT_VERSION = 1.0.4;
				DEVELOPMENT_TEAM = L935ZADDL9;
				INFOPLIST_FILE = Shun/Info.plist;
				LD_RUNPATH_SEARCH_PATHS = (
					"$(inherited)",
					"@executable_path/Frameworks",
				);
				MARKETING_VERSION = 1.0.4;
				PRODUCT_BUNDLE_IDENTIFIER = com.eatdoginthemouth.Shun;
				PRODUCT_NAME = "$(TARGET_NAME)";
				SWIFT_VERSION = 4.2;
				TARGETED_DEVICE_FAMILY = "1,2";
			};
			name = Release;
		};
		9D564F2D22B6171B002A2E42 /* Debug */ = {
			isa = XCBuildConfiguration;
			baseConfigurationReference = 91692C7C35DA15A890CAFA10 /* Pods-ShunTests.debug.xcconfig */;
			buildSettings = {
				ALWAYS_EMBED_SWIFT_STANDARD_LIBRARIES = YES;
				BUNDLE_LOADER = "$(TEST_HOST)";
				CODE_SIGN_STYLE = Automatic;
				INFOPLIST_FILE = ShunTests/Info.plist;
				LD_RUNPATH_SEARCH_PATHS = (
					"$(inherited)",
					"@executable_path/Frameworks",
					"@loader_path/Frameworks",
				);
				PRODUCT_BUNDLE_IDENTIFIER = tatsuleft.ShunTests;
				PRODUCT_NAME = "$(TARGET_NAME)";
				SWIFT_VERSION = 4.2;
				TARGETED_DEVICE_FAMILY = "1,2";
				TEST_HOST = "$(BUILT_PRODUCTS_DIR)/Shun.app/Shun";
			};
			name = Debug;
		};
		9D564F2E22B6171B002A2E42 /* Release */ = {
			isa = XCBuildConfiguration;
			baseConfigurationReference = 0EFDB67256400E6A5C7A7588 /* Pods-ShunTests.release.xcconfig */;
			buildSettings = {
				ALWAYS_EMBED_SWIFT_STANDARD_LIBRARIES = YES;
				BUNDLE_LOADER = "$(TEST_HOST)";
				CODE_SIGN_STYLE = Automatic;
				INFOPLIST_FILE = ShunTests/Info.plist;
				LD_RUNPATH_SEARCH_PATHS = (
					"$(inherited)",
					"@executable_path/Frameworks",
					"@loader_path/Frameworks",
				);
				PRODUCT_BUNDLE_IDENTIFIER = tatsuleft.ShunTests;
				PRODUCT_NAME = "$(TARGET_NAME)";
				SWIFT_VERSION = 4.2;
				TARGETED_DEVICE_FAMILY = "1,2";
				TEST_HOST = "$(BUILT_PRODUCTS_DIR)/Shun.app/Shun";
			};
			name = Release;
		};
		9D564F3022B6171B002A2E42 /* Debug */ = {
			isa = XCBuildConfiguration;
			baseConfigurationReference = 3847F5E128C8E84F6C0A120D /* Pods-ShunUITests.debug.xcconfig */;
			buildSettings = {
				ALWAYS_EMBED_SWIFT_STANDARD_LIBRARIES = YES;
				CODE_SIGN_STYLE = Automatic;
				INFOPLIST_FILE = ShunUITests/Info.plist;
				LD_RUNPATH_SEARCH_PATHS = (
					"$(inherited)",
					"@executable_path/Frameworks",
					"@loader_path/Frameworks",
				);
				PRODUCT_BUNDLE_IDENTIFIER = tatsuleft.ShunUITests;
				PRODUCT_NAME = "$(TARGET_NAME)";
				SWIFT_VERSION = 4.2;
				TARGETED_DEVICE_FAMILY = "1,2";
				TEST_TARGET_NAME = Shun;
			};
			name = Debug;
		};
		9D564F3122B6171B002A2E42 /* Release */ = {
			isa = XCBuildConfiguration;
			baseConfigurationReference = 334D55BD627AC5EE1F4F1FA4 /* Pods-ShunUITests.release.xcconfig */;
			buildSettings = {
				ALWAYS_EMBED_SWIFT_STANDARD_LIBRARIES = YES;
				CODE_SIGN_STYLE = Automatic;
				INFOPLIST_FILE = ShunUITests/Info.plist;
				LD_RUNPATH_SEARCH_PATHS = (
					"$(inherited)",
					"@executable_path/Frameworks",
					"@loader_path/Frameworks",
				);
				PRODUCT_BUNDLE_IDENTIFIER = tatsuleft.ShunUITests;
				PRODUCT_NAME = "$(TARGET_NAME)";
				SWIFT_VERSION = 4.2;
				TARGETED_DEVICE_FAMILY = "1,2";
				TEST_TARGET_NAME = Shun;
			};
			name = Release;
		};
/* End XCBuildConfiguration section */

/* Begin XCConfigurationList section */
		9D564EFC22B61719002A2E42 /* Build configuration list for PBXProject "Shun" */ = {
			isa = XCConfigurationList;
			buildConfigurations = (
				9D564F2722B6171B002A2E42 /* Debug */,
				9D564F2822B6171B002A2E42 /* Release */,
			);
			defaultConfigurationIsVisible = 0;
			defaultConfigurationName = Release;
		};
		9D564F2922B6171B002A2E42 /* Build configuration list for PBXNativeTarget "Shun" */ = {
			isa = XCConfigurationList;
			buildConfigurations = (
				9D564F2A22B6171B002A2E42 /* Debug */,
				9D564F2B22B6171B002A2E42 /* Release */,
			);
			defaultConfigurationIsVisible = 0;
			defaultConfigurationName = Release;
		};
		9D564F2C22B6171B002A2E42 /* Build configuration list for PBXNativeTarget "ShunTests" */ = {
			isa = XCConfigurationList;
			buildConfigurations = (
				9D564F2D22B6171B002A2E42 /* Debug */,
				9D564F2E22B6171B002A2E42 /* Release */,
			);
			defaultConfigurationIsVisible = 0;
			defaultConfigurationName = Release;
		};
		9D564F2F22B6171B002A2E42 /* Build configuration list for PBXNativeTarget "ShunUITests" */ = {
			isa = XCConfigurationList;
			buildConfigurations = (
				9D564F3022B6171B002A2E42 /* Debug */,
				9D564F3122B6171B002A2E42 /* Release */,
			);
			defaultConfigurationIsVisible = 0;
			defaultConfigurationName = Release;
		};
/* End XCConfigurationList section */
	};
	rootObject = 9D564EF922B61719002A2E42 /* Project object */;
}
